
Microsoft Visual Studio Solution File, Format Version 12.00
# Visual Studio Version 17
VisualStudioVersion = 17.5.33424.131
MinimumVisualStudioVersion = 10.0.40219.1
Project("{FAE04EC0-301F-11D3-BF4B-00C04F79EFBC}") = "2. Pounds to Dollars", "2. Pounds to Dollars\2. Pounds to Dollars.csproj", "{E6B56710-5244-4CAE-91B0-42EF8DDAC735}"
EndProject
Global
	GlobalSection(SolutionConfigurationPlatforms) = preSolution
		Debug|Any CPU = Debug|Any CPU
		Release|Any CPU = Release|Any CPU
	EndGlobalSection
	GlobalSection(ProjectConfigurationPlatforms) = postSolution
		{E6B56710-5244-4CAE-91B0-42EF8DDAC735}.Debug|Any CPU.ActiveCfg = Debug|Any CPU
		{E6B56710-5244-4CAE-91B0-42EF8DDAC735}.Debug|Any CPU.Build.0 = Debug|Any CPU
		{E6B56710-5244-4CAE-91B0-42EF8DDAC735}.Release|Any CPU.ActiveCfg = Release|Any CPU
		{E6B56710-5244-4CAE-91B0-42EF8DDAC735}.Release|Any CPU.Build.0 = Release|Any CPU
	EndGlobalSection
	GlobalSection(SolutionProperties) = preSolution
		HideSolutionNode = FALSE
	EndGlobalSection
	GlobalSection(ExtensibilityGlobals) = postSolution
		SolutionGuid = {D43E2197-45F0-4F3D-A24E-9258B6002D00}
	EndGlobalSection
EndGlobal
