
Microsoft Visual Studio Solution File, Format Version 12.00
# Visual Studio Version 17
VisualStudioVersion = 17.5.33424.131
MinimumVisualStudioVersion = 10.0.40219.1
Project("{FAE04EC0-301F-11D3-BF4B-00C04F79EFBC}") = "3. Exact Sum of Real Numbers", "3. Exact Sum of Real Numbers\3. Exact Sum of Real Numbers.csproj", "{C48CEC7E-2B42-414B-8DEE-75B99BCBDDDF}"
EndProject
Global
	GlobalSection(SolutionConfigurationPlatforms) = preSolution
		Debug|Any CPU = Debug|Any CPU
		Release|Any CPU = Release|Any CPU
	EndGlobalSection
	GlobalSection(ProjectConfigurationPlatforms) = postSolution
		{C48CEC7E-2B42-414B-8DEE-75B99BCBDDDF}.Debug|Any CPU.ActiveCfg = Debug|Any CPU
		{C48CEC7E-2B42-414B-8DEE-75B99BCBDDDF}.Debug|Any CPU.Build.0 = Debug|Any CPU
		{C48CEC7E-2B42-414B-8DEE-75B99BCBDDDF}.Release|Any CPU.ActiveCfg = Release|Any CPU
		{C48CEC7E-2B42-414B-8DEE-75B99BCBDDDF}.Release|Any CPU.Build.0 = Release|Any CPU
	EndGlobalSection
	GlobalSection(SolutionProperties) = preSolution
		HideSolutionNode = FALSE
	EndGlobalSection
	GlobalSection(ExtensibilityGlobals) = postSolution
		SolutionGuid = {0B076294-CEF9-45CF-867F-7893C71A1C54}
	EndGlobalSection
EndGlobal
